<?xml version="1.0" encoding="utf-8"?>
<Project ToolsVersion="4.0" xmlns="http://schemas.microsoft.com/developer/msbuild/2003">
  <ItemGroup>
    <Filter Include="Исходные файлы">
      <UniqueIdentifier>{4FC737F1-C7A5-4376-A066-2A32D752A2FF}</UniqueIdentifier>
      <Extensions>cpp;c;cc;cxx;c++;cppm;ixx;def;odl;idl;hpj;bat;asm;asmx</Extensions>
    </Filter>
    <Filter Include="Файлы заголовков">
      <UniqueIdentifier>{93995380-89BD-4b04-88EB-625FBE52EBFB}</UniqueIdentifier>
      <Extensions>h;hh;hpp;hxx;h++;hm;inl;inc;ipp;xsd</Extensions>
    </Filter>
    <Filter Include="Файлы ресурсов">
      <UniqueIdentifier>{67DA6AB6-F800-4c08-8B7A-83BB121AAD01}</UniqueIdentifier>
      <Extensions>rc;ico;cur;bmp;dlg;rc2;rct;bin;rgs;gif;jpg;jpeg;jpe;resx;tiff;tif;png;wav;mfcribbon-ms</Extensions>
    </Filter>
    <Filter Include="Файлы заголовков\DataStructures">
      <UniqueIdentifier>{7cb599e0-1b28-4554-8af0-c8724a0bb4e3}</UniqueIdentifier>
    </Filter>
    <Filter Include="Исходные файлы\DataStructures">
      <UniqueIdentifier>{eb39a3cd-3462-499c-8276-49f304cbdb0a}</UniqueIdentifier>
    </Filter>
    <Filter Include="Исходные файлы\3_DataStructures">
      <UniqueIdentifier>{f9a1befa-af28-43a5-a18e-065e9e80b691}</UniqueIdentifier>
    </Filter>
    <Filter Include="Исходные файлы\Sort">
      <UniqueIdentifier>{37f15d7e-3f04-41a5-8abd-2b310b2dc18e}</UniqueIdentifier>
    </Filter>
    <Filter Include="Исходные файлы\1_LimitationsInProgramming">
      <UniqueIdentifier>{e528fdef-a5cf-4e65-9a82-87330562d219}</UniqueIdentifier>
    </Filter>
    <Filter Include="Исходные файлы\2_SortAndFind">
      <UniqueIdentifier>{1687f25f-677f-4d0c-9a6f-525c9a2aca53}</UniqueIdentifier>
    </Filter>
  </ItemGroup>
  <ItemGroup>
    <ClCompile Include="main.cpp">
      <Filter>Исходные файлы</Filter>
    </ClCompile>
    <ClCompile Include="3_DataStructures\GoblinsAndShamans.cpp">
      <Filter>Исходные файлы\3_DataStructures</Filter>
    </ClCompile>
    <ClCompile Include="DataStructures\Dequeue.cpp">
      <Filter>Исходные файлы\DataStructures</Filter>
    </ClCompile>
    <ClCompile Include="DataStructures\Stack.cpp">
      <Filter>Исходные файлы\DataStructures</Filter>
    </ClCompile>
    <ClCompile Include="DataStructures\Queue.cpp">
      <Filter>Исходные файлы\DataStructures</Filter>
    </ClCompile>
    <ClCompile Include="3_DataStructures\DeltaQueue.cpp">
      <Filter>Исходные файлы\3_DataStructures</Filter>
    </ClCompile>
    <ClCompile Include="DataStructures\FewickTree.cpp">
      <Filter>Исходные файлы\DataStructures</Filter>
    </ClCompile>
    <ClCompile Include="3_DataStructures\SumOverChangingSegment.cpp">
      <Filter>Исходные файлы\3_DataStructures</Filter>
    </ClCompile>
    <ClCompile Include="3_DataStructures\MassUpdate2.cpp">
      <Filter>Исходные файлы\3_DataStructures</Filter>
    </ClCompile>
    <ClCompile Include="DataStructures\SegmentTree.cpp">
      <Filter>Исходные файлы\DataStructures</Filter>
    </ClCompile>
    <ClCompile Include="Sort\MergeSort.cpp">
      <Filter>Исходные файлы\Sort</Filter>
    </ClCompile>
    <ClCompile Include="3_DataStructures\LargeLinearCollider.cpp">
      <Filter>Исходные файлы\3_DataStructures</Filter>
    </ClCompile>
    <ClCompile Include="3_DataStructures\DNAReconstruction.cpp">
      <Filter>Исходные файлы\3_DataStructures</Filter>
    </ClCompile>
    <ClCompile Include="1_LimitationsInProgramming\StampCollection.cpp">
      <Filter>Исходные файлы\1_LimitationsInProgramming</Filter>
    </ClCompile>
    <ClCompile Include="1_LimitationsInProgramming\2_3_5.cpp">
      <Filter>Исходные файлы\1_LimitationsInProgramming</Filter>
    </ClCompile>
    <ClCompile Include="1_LimitationsInProgramming\TooManySlices.cpp">
      <Filter>Исходные файлы\1_LimitationsInProgramming</Filter>
    </ClCompile>
    <ClCompile Include="common.cpp">
      <Filter>Исходные файлы</Filter>
    </ClCompile>
    <ClCompile Include="1_LimitationsInProgramming\AliceBobAndBeautifulLines.cpp">
      <Filter>Исходные файлы\1_LimitationsInProgramming</Filter>
    </ClCompile>
    <ClCompile Include="2_SortAndFind\RadixSort.cpp">
      <Filter>Исходные файлы\2_SortAndFind</Filter>
    </ClCompile>
  </ItemGroup>
  <ItemGroup>
    <ClInclude Include="3_DataStructures\3_DataStructures.h">
      <Filter>Файлы заголовков</Filter>
    </ClInclude>
    <ClInclude Include="DataStructures\Dequeue.h">
      <Filter>Файлы заголовков\DataStructures</Filter>
    </ClInclude>
    <ClInclude Include="DataStructures\Stack.h">
      <Filter>Файлы заголовков\DataStructures</Filter>
    </ClInclude>
    <ClInclude Include="DataStructures\Queue.h">
      <Filter>Файлы заголовков\DataStructures</Filter>
    </ClInclude>
    <ClInclude Include="DataStructures\FewickTree.h">
      <Filter>Файлы заголовков\DataStructures</Filter>
    </ClInclude>
    <ClInclude Include="DataStructures\SegmentTree.h">
      <Filter>Файлы заголовков\DataStructures</Filter>
    </ClInclude>
    <ClInclude Include="Sort\Sort.h">
      <Filter>Файлы заголовков</Filter>
    </ClInclude>
    <ClInclude Include="1_LimitationsInProgramming\1_LimitationsInProgramming.h">
      <Filter>Файлы заголовков</Filter>
    </ClInclude>
    <ClInclude Include="common.h">
      <Filter>Файлы заголовков</Filter>
    </ClInclude>
    <ClInclude Include="2_SortAndFind\2_SortAndFind.h">
      <Filter>Файлы заголовков</Filter>
    </ClInclude>
  </ItemGroup>
</Project>